
Microsoft Visual Studio Solution File, Format Version 12.00
# Visual Studio Express 15 for Windows Desktop
VisualStudioVersion = 15.0.28307.645
MinimumVisualStudioVersion = 10.0.40219.1
Project("{8BC9CEB8-8B4A-11D0-8D11-00A0C91BC942}") = "MULTIME_TEMA12_OOP", "MULTIME_TEMA12_OOP\MULTIME_TEMA12_OOP.vcxproj", "{36F16BD0-5BAE-443C-8046-338B9C1CD8B2}"
EndProject
Project("{2150E333-8FDC-42A3-9474-1A3956D46DE8}") = "Solution Items", "Solution Items", "{1DBD7395-CCCE-4701-BAA6-2B4F2935DE91}"
	ProjectSection(SolutionItems) = preProject
		in.txt = in.txt
	EndProjectSection
EndProject
Global
	GlobalSection(SolutionConfigurationPlatforms) = preSolution
		Debug|x64 = Debug|x64
		Debug|x86 = Debug|x86
		Release|x64 = Release|x64
		Release|x86 = Release|x86
	EndGlobalSection
	GlobalSection(ProjectConfigurationPlatforms) = postSolution
		{36F16BD0-5BAE-443C-8046-338B9C1CD8B2}.Debug|x64.ActiveCfg = Debug|x64
		{36F16BD0-5BAE-443C-8046-338B9C1CD8B2}.Debug|x64.Build.0 = Debug|x64
		{36F16BD0-5BAE-443C-8046-338B9C1CD8B2}.Debug|x86.ActiveCfg = Debug|Win32
		{36F16BD0-5BAE-443C-8046-338B9C1CD8B2}.Debug|x86.Build.0 = Debug|Win32
		{36F16BD0-5BAE-443C-8046-338B9C1CD8B2}.Release|x64.ActiveCfg = Release|x64
		{36F16BD0-5BAE-443C-8046-338B9C1CD8B2}.Release|x64.Build.0 = Release|x64
		{36F16BD0-5BAE-443C-8046-338B9C1CD8B2}.Release|x86.ActiveCfg = Release|Win32
		{36F16BD0-5BAE-443C-8046-338B9C1CD8B2}.Release|x86.Build.0 = Release|Win32
	EndGlobalSection
	GlobalSection(SolutionProperties) = preSolution
		HideSolutionNode = FALSE
	EndGlobalSection
	GlobalSection(ExtensibilityGlobals) = postSolution
		SolutionGuid = {BA4658AA-8721-4DC7-821F-2D89D74F5C4A}
	EndGlobalSection
EndGlobal
